
Microsoft Visual Studio Solution File, Format Version 12.00
# Visual Studio 15
VisualStudioVersion = 15.0.27703.2042
MinimumVisualStudioVersion = 10.0.40219.1
Project("{FAE04EC0-301F-11D3-BF4B-00C04F79EFBC}") = "SeaMonster", "SeaMonster\SeaMonster.csproj", "{CCA43E13-3452-4834-BA2F-40DA2964A97D}"
EndProject
Global
	GlobalSection(SolutionConfigurationPlatforms) = preSolution
		Debug|Any CPU = Debug|Any CPU
		Release|Any CPU = Release|Any CPU
	EndGlobalSection
	GlobalSection(ProjectConfigurationPlatforms) = postSolution
		{CCA43E13-3452-4834-BA2F-40DA2964A97D}.Debug|Any CPU.ActiveCfg = Debug|Any CPU
		{CCA43E13-3452-4834-BA2F-40DA2964A97D}.Debug|Any CPU.Build.0 = Debug|Any CPU
		{CCA43E13-3452-4834-BA2F-40DA2964A97D}.Release|Any CPU.ActiveCfg = Release|Any CPU
		{CCA43E13-3452-4834-BA2F-40DA2964A97D}.Release|Any CPU.Build.0 = Release|Any CPU
	EndGlobalSection
	GlobalSection(SolutionProperties) = preSolution
		HideSolutionNode = FALSE
	EndGlobalSection
	GlobalSection(ExtensibilityGlobals) = postSolution
		SolutionGuid = {EEABB0B1-E564-403D-AF32-14FAEDC7C387}
	EndGlobalSection
EndGlobal
